
Microsoft Visual Studio Solution File, Format Version 12.00
# Visual Studio 15
VisualStudioVersion = 15.0.28307.1321
MinimumVisualStudioVersion = 10.0.40219.1
Project("{FAE04EC0-301F-11D3-BF4B-00C04F79EFBC}") = "AirportService", "AirportService\AirportService.csproj", "{FC97CCE9-EF15-4379-8ECE-5A21CF8CD2C6}"
EndProject
Project("{FAE04EC0-301F-11D3-BF4B-00C04F79EFBC}") = "AirportSeriviceHost", "AirportSeriviceHost\AirportSeriviceHost.csproj", "{D34D7237-D439-40BA-9E10-1E7D966014F1}"
EndProject
Global
	GlobalSection(SolutionConfigurationPlatforms) = preSolution
		Debug|Any CPU = Debug|Any CPU
		Release|Any CPU = Release|Any CPU
	EndGlobalSection
	GlobalSection(ProjectConfigurationPlatforms) = postSolution
		{FC97CCE9-EF15-4379-8ECE-5A21CF8CD2C6}.Debug|Any CPU.ActiveCfg = Debug|Any CPU
		{FC97CCE9-EF15-4379-8ECE-5A21CF8CD2C6}.Debug|Any CPU.Build.0 = Debug|Any CPU
		{FC97CCE9-EF15-4379-8ECE-5A21CF8CD2C6}.Release|Any CPU.ActiveCfg = Release|Any CPU
		{FC97CCE9-EF15-4379-8ECE-5A21CF8CD2C6}.Release|Any CPU.Build.0 = Release|Any CPU
		{D34D7237-D439-40BA-9E10-1E7D966014F1}.Debug|Any CPU.ActiveCfg = Debug|Any CPU
		{D34D7237-D439-40BA-9E10-1E7D966014F1}.Debug|Any CPU.Build.0 = Debug|Any CPU
		{D34D7237-D439-40BA-9E10-1E7D966014F1}.Release|Any CPU.ActiveCfg = Release|Any CPU
		{D34D7237-D439-40BA-9E10-1E7D966014F1}.Release|Any CPU.Build.0 = Release|Any CPU
	EndGlobalSection
	GlobalSection(SolutionProperties) = preSolution
		HideSolutionNode = FALSE
	EndGlobalSection
	GlobalSection(ExtensibilityGlobals) = postSolution
		SolutionGuid = {F23C0512-F58C-4C01-A16A-0C67A4308B3A}
	EndGlobalSection
EndGlobal
